Microsoft Visual Studio Solution File, Format Version 12.00
# Visual Studio Version 16
VisualStudioVersion = 16.0.30330.147
MinimumVisualStudioVersion = 10.0.40219.1
Project("{9A19103F-16F7-4668-BE54-9A1E7A4F7556}") = "SpellAbsorbFix", "SpellAbsorbFix\SpellAbsorbFix.csproj", "{8BA2E1B7-DD65-42B6-A780-17E4037A3C1B}"
EndProject
Global
	GlobalSection(SolutionConfigurationPlatforms) = preSolution
		Debug|x64 = Debug|x64
		Release|x64 = Release|x64
	EndGlobalSection
	GlobalSection(ProjectConfigurationPlatforms) = postSolution
		{8BA2E1B7-DD65-42B6-A780-17E4037A3C1B}.Debug|x64.ActiveCfg = Debug|x64
		{8BA2E1B7-DD65-42B6-A780-17E4037A3C1B}.Debug|x64.Build.0 = Debug|x64
		{8BA2E1B7-DD65-42B6-A780-17E4037A3C1B}.Release|x64.ActiveCfg = Release|x64
		{8BA2E1B7-DD65-42B6-A780-17E4037A3C1B}.Release|x64.Build.0 = Release|x64
	EndGlobalSection
	GlobalSection(SolutionProperties) = preSolution
		HideSolutionNode = FALSE
	EndGlobalSection
	GlobalSection(ExtensibilityGlobals) = postSolution
		SolutionGuid = {39F09F53-3503-43F4-AB16-8C909CD8889A}
	EndGlobalSection
EndGlobal
